
Microsoft Visual Studio Solution File, Format Version 12.00
# Visual Studio Version 16
VisualStudioVersion = 16.0.31424.327
MinimumVisualStudioVersion = 10.0.40219.1
Project("{9A19103F-16F7-4668-BE54-9A1E7A4F7556}") = "BitHelp.Core.Type.pt-BR.Test", "test\BitHelp.Core.Type.pt-BR.Test.csproj", "{7640968A-D080-4615-AC4F-B8D10A7A4703}"
EndProject
Project("{9A19103F-16F7-4668-BE54-9A1E7A4F7556}") = "BitHelp.Core.Type.pt-BR", "src\BitHelp.Core.Type.pt-BR.csproj", "{CE935C1B-9358-4C46-A8C5-F7010659D42B}"
EndProject
Global
	GlobalSection(SolutionConfigurationPlatforms) = preSolution
		Debug|Any CPU = Debug|Any CPU
		Release|Any CPU = Release|Any CPU
	EndGlobalSection
	GlobalSection(ProjectConfigurationPlatforms) = postSolution
		{7640968A-D080-4615-AC4F-B8D10A7A4703}.Debug|Any CPU.ActiveCfg = Debug|Any CPU
		{7640968A-D080-4615-AC4F-B8D10A7A4703}.Debug|Any CPU.Build.0 = Debug|Any CPU
		{7640968A-D080-4615-AC4F-B8D10A7A4703}.Release|Any CPU.ActiveCfg = Release|Any CPU
		{7640968A-D080-4615-AC4F-B8D10A7A4703}.Release|Any CPU.Build.0 = Release|Any CPU
		{CE935C1B-9358-4C46-A8C5-F7010659D42B}.Debug|Any CPU.ActiveCfg = Debug|Any CPU
		{CE935C1B-9358-4C46-A8C5-F7010659D42B}.Debug|Any CPU.Build.0 = Debug|Any CPU
		{CE935C1B-9358-4C46-A8C5-F7010659D42B}.Release|Any CPU.ActiveCfg = Release|Any CPU
		{CE935C1B-9358-4C46-A8C5-F7010659D42B}.Release|Any CPU.Build.0 = Release|Any CPU
	EndGlobalSection
	GlobalSection(SolutionProperties) = preSolution
		HideSolutionNode = FALSE
	EndGlobalSection
	GlobalSection(ExtensibilityGlobals) = postSolution
		SolutionGuid = {3D841F0F-3785-4BF6-8F8D-E4B9676DA069}
	EndGlobalSection
EndGlobal
